
Microsoft Visual Studio Solution File, Format Version 12.00
# Visual Studio Version 17
VisualStudioVersion = 17.1.32414.318
MinimumVisualStudioVersion = 10.0.40219.1
Project("{2150E333-8FDC-42A3-9474-1A3956D46DE8}") = "src", "src", "{61E60F5B-5962-46EC-AC8C-B809E2F2712B}"
EndProject
Project("{2150E333-8FDC-42A3-9474-1A3956D46DE8}") = "Test", "Test", "{95BB5549-D31D-4A29-8E50-60043AD5BB73}"
EndProject
Project("{2150E333-8FDC-42A3-9474-1A3956D46DE8}") = "API", "API", "{5E0534C4-B6ED-4E61-876E-EC4DBF818794}"
EndProject
Project("{2150E333-8FDC-42A3-9474-1A3956D46DE8}") = "Core", "Core", "{244EFCB1-B38F-4664-8ADA-8580F02A8499}"
EndProject
Project("{2150E333-8FDC-42A3-9474-1A3956D46DE8}") = "Infrastructure", "Infrastructure", "{BD87C566-793D-4349-9B8E-E94891CD9880}"
EndProject
Project("{2150E333-8FDC-42A3-9474-1A3956D46DE8}") = "UI", "UI", "{0EC014D1-854F-4E39-9F8F-FEC5963CDF9F}"
EndProject
Project("{9A19103F-16F7-4668-BE54-9A1E7A4F7556}") = "HR.LeaveManagement.Domain", "HR.LeaveManagement.Domain\HR.LeaveManagement.Domain.csproj", "{254F0C08-FB0F-4C42-A98F-DA72E6B7BD94}"
EndProject
Project("{9A19103F-16F7-4668-BE54-9A1E7A4F7556}") = "HR.LeaveManagement.Application", "HR.LeaveManagement.Application\HR.LeaveManagement.Application.csproj", "{06988C00-B297-4DDA-A09C-C1FCC372535D}"
EndProject
Project("{9A19103F-16F7-4668-BE54-9A1E7A4F7556}") = "HR.LeaveManagement.Infrastructure", "HR.LeaveManagement.Infrastructure\HR.LeaveManagement.Infrastructure.csproj", "{3273A901-41B5-4C1E-9005-FA2FCF745B0E}"
EndProject
Project("{9A19103F-16F7-4668-BE54-9A1E7A4F7556}") = "HR.LeaveManagement.Persistence", "HR.LeaveManagement.Persistence\HR.LeaveManagement.Persistence.csproj", "{C32BCC61-94D9-4AD9-9E43-4D4B980A3E27}"
EndProject
Project("{9A19103F-16F7-4668-BE54-9A1E7A4F7556}") = "HR.LeaveManagement.API", "HR.LeaveManagement.API\HR.LeaveManagement.API.csproj", "{FF5D43FB-C886-44B8-B55D-BF27B452F4DD}"
EndProject
Project("{9A19103F-16F7-4668-BE54-9A1E7A4F7556}") = "HR.LeaveManagement.Application.UnitTests", "HR.LeaveManagement.Application.UnitTests\HR.LeaveManagement.Application.UnitTests.csproj", "{E1B148C6-6DCE-43FB-B862-87B0A7D02E8A}"
EndProject
Project("{9A19103F-16F7-4668-BE54-9A1E7A4F7556}") = "HR.LeaveManagement.MVC", "HR.LeaveManagement.MVC\HR.LeaveManagement.MVC.csproj", "{B4D1464B-4276-4B5B-883F-3D0F4501E032}"
EndProject
Project("{FAE04EC0-301F-11D3-BF4B-00C04F79EFBC}") = "HR.LeaveManagement.Identity", "HR.LeaveManagement.Identity\HR.LeaveManagement.Identity.csproj", "{16699355-2041-4487-BC12-A7C8A39BA629}"
EndProject
Global
	GlobalSection(SolutionConfigurationPlatforms) = preSolution
		Debug|Any CPU = Debug|Any CPU
		Release|Any CPU = Release|Any CPU
	EndGlobalSection
	GlobalSection(ProjectConfigurationPlatforms) = postSolution
		{254F0C08-FB0F-4C42-A98F-DA72E6B7BD94}.Debug|Any CPU.ActiveCfg = Debug|Any CPU
		{254F0C08-FB0F-4C42-A98F-DA72E6B7BD94}.Debug|Any CPU.Build.0 = Debug|Any CPU
		{254F0C08-FB0F-4C42-A98F-DA72E6B7BD94}.Release|Any CPU.ActiveCfg = Release|Any CPU
		{254F0C08-FB0F-4C42-A98F-DA72E6B7BD94}.Release|Any CPU.Build.0 = Release|Any CPU
		{06988C00-B297-4DDA-A09C-C1FCC372535D}.Debug|Any CPU.ActiveCfg = Debug|Any CPU
		{06988C00-B297-4DDA-A09C-C1FCC372535D}.Debug|Any CPU.Build.0 = Debug|Any CPU
		{06988C00-B297-4DDA-A09C-C1FCC372535D}.Release|Any CPU.ActiveCfg = Release|Any CPU
		{06988C00-B297-4DDA-A09C-C1FCC372535D}.Release|Any CPU.Build.0 = Release|Any CPU
		{3273A901-41B5-4C1E-9005-FA2FCF745B0E}.Debug|Any CPU.ActiveCfg = Debug|Any CPU
		{3273A901-41B5-4C1E-9005-FA2FCF745B0E}.Debug|Any CPU.Build.0 = Debug|Any CPU
		{3273A901-41B5-4C1E-9005-FA2FCF745B0E}.Release|Any CPU.ActiveCfg = Release|Any CPU
		{3273A901-41B5-4C1E-9005-FA2FCF745B0E}.Release|Any CPU.Build.0 = Release|Any CPU
		{C32BCC61-94D9-4AD9-9E43-4D4B980A3E27}.Debug|Any CPU.ActiveCfg = Debug|Any CPU
		{C32BCC61-94D9-4AD9-9E43-4D4B980A3E27}.Debug|Any CPU.Build.0 = Debug|Any CPU
		{C32BCC61-94D9-4AD9-9E43-4D4B980A3E27}.Release|Any CPU.ActiveCfg = Release|Any CPU
		{C32BCC61-94D9-4AD9-9E43-4D4B980A3E27}.Release|Any CPU.Build.0 = Release|Any CPU
		{FF5D43FB-C886-44B8-B55D-BF27B452F4DD}.Debug|Any CPU.ActiveCfg = Debug|Any CPU
		{FF5D43FB-C886-44B8-B55D-BF27B452F4DD}.Debug|Any CPU.Build.0 = Debug|Any CPU
		{FF5D43FB-C886-44B8-B55D-BF27B452F4DD}.Release|Any CPU.ActiveCfg = Release|Any CPU
		{FF5D43FB-C886-44B8-B55D-BF27B452F4DD}.Release|Any CPU.Build.0 = Release|Any CPU
		{E1B148C6-6DCE-43FB-B862-87B0A7D02E8A}.Debug|Any CPU.ActiveCfg = Debug|Any CPU
		{E1B148C6-6DCE-43FB-B862-87B0A7D02E8A}.Debug|Any CPU.Build.0 = Debug|Any CPU
		{E1B148C6-6DCE-43FB-B862-87B0A7D02E8A}.Release|Any CPU.ActiveCfg = Release|Any CPU
		{E1B148C6-6DCE-43FB-B862-87B0A7D02E8A}.Release|Any CPU.Build.0 = Release|Any CPU
		{B4D1464B-4276-4B5B-883F-3D0F4501E032}.Debug|Any CPU.ActiveCfg = Debug|Any CPU
		{B4D1464B-4276-4B5B-883F-3D0F4501E032}.Debug|Any CPU.Build.0 = Debug|Any CPU
		{B4D1464B-4276-4B5B-883F-3D0F4501E032}.Release|Any CPU.ActiveCfg = Release|Any CPU
		{B4D1464B-4276-4B5B-883F-3D0F4501E032}.Release|Any CPU.Build.0 = Release|Any CPU
		{16699355-2041-4487-BC12-A7C8A39BA629}.Debug|Any CPU.ActiveCfg = Debug|Any CPU
		{16699355-2041-4487-BC12-A7C8A39BA629}.Debug|Any CPU.Build.0 = Debug|Any CPU
		{16699355-2041-4487-BC12-A7C8A39BA629}.Release|Any CPU.ActiveCfg = Release|Any CPU
		{16699355-2041-4487-BC12-A7C8A39BA629}.Release|Any CPU.Build.0 = Release|Any CPU
	EndGlobalSection
	GlobalSection(SolutionProperties) = preSolution
		HideSolutionNode = FALSE
	EndGlobalSection
	GlobalSection(NestedProjects) = preSolution
		{5E0534C4-B6ED-4E61-876E-EC4DBF818794} = {61E60F5B-5962-46EC-AC8C-B809E2F2712B}
		{244EFCB1-B38F-4664-8ADA-8580F02A8499} = {61E60F5B-5962-46EC-AC8C-B809E2F2712B}
		{BD87C566-793D-4349-9B8E-E94891CD9880} = {61E60F5B-5962-46EC-AC8C-B809E2F2712B}
		{0EC014D1-854F-4E39-9F8F-FEC5963CDF9F} = {61E60F5B-5962-46EC-AC8C-B809E2F2712B}
		{254F0C08-FB0F-4C42-A98F-DA72E6B7BD94} = {244EFCB1-B38F-4664-8ADA-8580F02A8499}
		{06988C00-B297-4DDA-A09C-C1FCC372535D} = {244EFCB1-B38F-4664-8ADA-8580F02A8499}
		{3273A901-41B5-4C1E-9005-FA2FCF745B0E} = {BD87C566-793D-4349-9B8E-E94891CD9880}
		{C32BCC61-94D9-4AD9-9E43-4D4B980A3E27} = {BD87C566-793D-4349-9B8E-E94891CD9880}
		{FF5D43FB-C886-44B8-B55D-BF27B452F4DD} = {5E0534C4-B6ED-4E61-876E-EC4DBF818794}
		{E1B148C6-6DCE-43FB-B862-87B0A7D02E8A} = {95BB5549-D31D-4A29-8E50-60043AD5BB73}
		{B4D1464B-4276-4B5B-883F-3D0F4501E032} = {0EC014D1-854F-4E39-9F8F-FEC5963CDF9F}
		{16699355-2041-4487-BC12-A7C8A39BA629} = {BD87C566-793D-4349-9B8E-E94891CD9880}
	EndGlobalSection
	GlobalSection(ExtensibilityGlobals) = postSolution
		SolutionGuid = {39BEBA63-6726-446C-AC66-47D32638ABA9}
	EndGlobalSection
EndGlobal
